
Microsoft Visual Studio Solution File, Format Version 12.00
# Visual Studio 2013
VisualStudioVersion = 12.0.40629.0
MinimumVisualStudioVersion = 10.0.40219.1
Project("{2150E333-8FDC-42A3-9474-1A3956D46DE8}") = "Client", "Client", "{A0979AB7-4506-43D9-B204-FFC2DB73FC99}"
EndProject
Project("{2150E333-8FDC-42A3-9474-1A3956D46DE8}") = "Server", "Server", "{9BBCD6E8-28C1-4F6A-AE96-5CE2C33958F5}"
EndProject
Project("{2150E333-8FDC-42A3-9474-1A3956D46DE8}") = "FrameWork", "FrameWork", "{4B283398-A463-4552-8C71-D1B5DADE5E76}"
EndProject
Project("{FAE04EC0-301F-11D3-BF4B-00C04F79EFBC}") = "Gyb.FrameWork.Common", "Gyb.FrameWork.Common\Gyb.FrameWork.Common.csproj", "{9AAC6C23-B7BC-4A1B-8A9C-9337D57CE191}"
EndProject
Project("{FAE04EC0-301F-11D3-BF4B-00C04F79EFBC}") = "Gyb.FrameWork.Configuration", "Gyb.FrameWork.Configuration\Gyb.FrameWork.Configuration.csproj", "{92696A77-5B5A-4DA8-B941-385C795D754E}"
EndProject
Project("{FAE04EC0-301F-11D3-BF4B-00C04F79EFBC}") = "Gyb.FrameWork.Notification", "Gyb.FrameWork.Notification\Gyb.FrameWork.Notification.csproj", "{7E9EEE7B-678C-444C-B670-17FA4BB2149F}"
EndProject
Project("{FAE04EC0-301F-11D3-BF4B-00C04F79EFBC}") = "Gyb.FrameWork.Cache", "Gyb.FrameWork.Cache\Gyb.FrameWork.Cache.csproj", "{BA5C4793-FADF-43DA-A404-8AC6F876077A}"
EndProject
Project("{FAE04EC0-301F-11D3-BF4B-00C04F79EFBC}") = "Gyb.FrameWork.Logging", "Gyb.FrameWork.Logging\Gyb.FrameWork.Logging.csproj", "{5E2E682C-B9D4-478F-995E-56647ED7EFB8}"
EndProject
Project("{FAE04EC0-301F-11D3-BF4B-00C04F79EFBC}") = "Gyb.FrameWork.ExceptionHanding", "Gyb.FrameWork.ExceptionHanding\Gyb.FrameWork.ExceptionHanding.csproj", "{516576DC-0CC5-40BF-BA4A-9AA7EF06831F}"
EndProject
Project("{FAE04EC0-301F-11D3-BF4B-00C04F79EFBC}") = "Gyb.FrameWork.Core", "Gyb.FrameWork.Core\Gyb.FrameWork.Core.csproj", "{9E9F6F6D-337A-4DA5-817B-F4393ED3B799}"
EndProject
Project("{FAE04EC0-301F-11D3-BF4B-00C04F79EFBC}") = "Gyb.FrameWork.Domain", "Gyb.FrameWork.Domain\Gyb.FrameWork.Domain.csproj", "{9E4AD76E-00F5-42E6-A0CA-B34ABCDF6C48}"
EndProject
Project("{FAE04EC0-301F-11D3-BF4B-00C04F79EFBC}") = "Gyb.FrameWork.Domain.Imp", "Gyb.FrameWork.Domain.Imp\Gyb.FrameWork.Domain.Imp.csproj", "{3A4494E8-C338-4E80-99D1-F8F1917FB429}"
EndProject
Project("{FAE04EC0-301F-11D3-BF4B-00C04F79EFBC}") = "Gyb.FrameWork.EF", "Gyb.FrameWork.EF\Gyb.FrameWork.EF.csproj", "{EDA9BD75-9EBF-49AB-9E1A-25E4617ADD76}"
EndProject
Project("{FAE04EC0-301F-11D3-BF4B-00C04F79EFBC}") = "Gyb.Server.Data", "Gyb.Server.Data\Gyb.Server.Data.csproj", "{8F5CDA05-E5DD-4D9B-A9D2-5E7B58BC5387}"
EndProject
Project("{FAE04EC0-301F-11D3-BF4B-00C04F79EFBC}") = "Gyb.Server.Entities", "Gyb.Server.Entities\Gyb.Server.Entities.csproj", "{261FFC34-089A-4F48-84DA-0795E251EF0C}"
EndProject
Project("{FAE04EC0-301F-11D3-BF4B-00C04F79EFBC}") = "Gyb.Server.IRepository", "Gyb.Server.IReposity\Gyb.Server.IRepository.csproj", "{FA2C6052-958C-4030-9E26-F8A9955C3F8A}"
EndProject
Project("{FAE04EC0-301F-11D3-BF4B-00C04F79EFBC}") = "Gyb.Server.Repository", "Gyb.Server.Repository\Gyb.Server.Repository.csproj", "{29093722-0BF5-42A3-A82B-2CEFECC74281}"
EndProject
Project("{FAE04EC0-301F-11D3-BF4B-00C04F79EFBC}") = "Gyb.Client.Services", "Gyb.Client.Services\Gyb.Client.Services.csproj", "{13FD3266-A32F-49B3-9B60-B09EAAF2B61F}"
EndProject
Project("{FAE04EC0-301F-11D3-BF4B-00C04F79EFBC}") = "Gyb.Client.IServices", "Gyb.Client.IServices\Gyb.Client.IServices.csproj", "{4BE3D45B-E2A7-4229-8327-91725E9FF237}"
EndProject
Project("{FAE04EC0-301F-11D3-BF4B-00C04F79EFBC}") = "Gyb.Client.Models", "Gyb.Client.Models\Gyb.Client.Models.csproj", "{F6C3E5A3-815A-48DA-974A-852C011F5A97}"
EndProject
Project("{FAE04EC0-301F-11D3-BF4B-00C04F79EFBC}") = "Gyb.Client.ODataProxy", "Gyb.Client.ODataProxy\Gyb.Client.ODataProxy.csproj", "{C3E9D250-83F8-4439-B16A-6CFD6C0DA9F4}"
EndProject
Project("{FAE04EC0-301F-11D3-BF4B-00C04F79EFBC}") = "Gyb.Client.Main", "Gyb.Client.Main\Gyb.Client.Main.csproj", "{B053D33C-77E9-4C8D-ACFA-DF02478F3B6B}"
EndProject
Project("{FAE04EC0-301F-11D3-BF4B-00C04F79EFBC}") = "Gyb.Server.WebAPI", "Gyb.Server.WebAPI\Gyb.Server.WebAPI.csproj", "{49595BCF-0F28-46B5-B2AE-696D5492DD50}"
EndProject
Project("{FAE04EC0-301F-11D3-BF4B-00C04F79EFBC}") = "Gyb.FrameWork.RepositoryUnitOfWork", "Gyb.FrameWork.RepositoryUnitOfWork\Gyb.FrameWork.RepositoryUnitOfWork.csproj", "{1898F20A-6F78-41B0-9630-F19E4A1C3F33}"
EndProject
Project("{FAE04EC0-301F-11D3-BF4B-00C04F79EFBC}") = "Gyb.FrameWork.IRepositoryUOW", "Gyb.FrameWork.IRepository\Gyb.FrameWork.IRepositoryUOW.csproj", "{45B71619-FBF3-48BC-BFC2-9804825B9F91}"
EndProject
Global
	GlobalSection(SolutionConfigurationPlatforms) = preSolution
		Debug|Any CPU = Debug|Any CPU
		Release|Any CPU = Release|Any CPU
	EndGlobalSection
	GlobalSection(ProjectConfigurationPlatforms) = postSolution
		{9AAC6C23-B7BC-4A1B-8A9C-9337D57CE191}.Debug|Any CPU.ActiveCfg = Debug|Any CPU
		{9AAC6C23-B7BC-4A1B-8A9C-9337D57CE191}.Debug|Any CPU.Build.0 = Debug|Any CPU
		{9AAC6C23-B7BC-4A1B-8A9C-9337D57CE191}.Release|Any CPU.ActiveCfg = Release|Any CPU
		{9AAC6C23-B7BC-4A1B-8A9C-9337D57CE191}.Release|Any CPU.Build.0 = Release|Any CPU
		{92696A77-5B5A-4DA8-B941-385C795D754E}.Debug|Any CPU.ActiveCfg = Debug|Any CPU
		{92696A77-5B5A-4DA8-B941-385C795D754E}.Debug|Any CPU.Build.0 = Debug|Any CPU
		{92696A77-5B5A-4DA8-B941-385C795D754E}.Release|Any CPU.ActiveCfg = Release|Any CPU
		{92696A77-5B5A-4DA8-B941-385C795D754E}.Release|Any CPU.Build.0 = Release|Any CPU
		{7E9EEE7B-678C-444C-B670-17FA4BB2149F}.Debug|Any CPU.ActiveCfg = Debug|Any CPU
		{7E9EEE7B-678C-444C-B670-17FA4BB2149F}.Debug|Any CPU.Build.0 = Debug|Any CPU
		{7E9EEE7B-678C-444C-B670-17FA4BB2149F}.Release|Any CPU.ActiveCfg = Release|Any CPU
		{7E9EEE7B-678C-444C-B670-17FA4BB2149F}.Release|Any CPU.Build.0 = Release|Any CPU
		{BA5C4793-FADF-43DA-A404-8AC6F876077A}.Debug|Any CPU.ActiveCfg = Debug|Any CPU
		{BA5C4793-FADF-43DA-A404-8AC6F876077A}.Debug|Any CPU.Build.0 = Debug|Any CPU
		{BA5C4793-FADF-43DA-A404-8AC6F876077A}.Release|Any CPU.ActiveCfg = Release|Any CPU
		{BA5C4793-FADF-43DA-A404-8AC6F876077A}.Release|Any CPU.Build.0 = Release|Any CPU
		{5E2E682C-B9D4-478F-995E-56647ED7EFB8}.Debug|Any CPU.ActiveCfg = Debug|Any CPU
		{5E2E682C-B9D4-478F-995E-56647ED7EFB8}.Debug|Any CPU.Build.0 = Debug|Any CPU
		{5E2E682C-B9D4-478F-995E-56647ED7EFB8}.Release|Any CPU.ActiveCfg = Release|Any CPU
		{5E2E682C-B9D4-478F-995E-56647ED7EFB8}.Release|Any CPU.Build.0 = Release|Any CPU
		{516576DC-0CC5-40BF-BA4A-9AA7EF06831F}.Debug|Any CPU.ActiveCfg = Debug|Any CPU
		{516576DC-0CC5-40BF-BA4A-9AA7EF06831F}.Debug|Any CPU.Build.0 = Debug|Any CPU
		{516576DC-0CC5-40BF-BA4A-9AA7EF06831F}.Release|Any CPU.ActiveCfg = Release|Any CPU
		{516576DC-0CC5-40BF-BA4A-9AA7EF06831F}.Release|Any CPU.Build.0 = Release|Any CPU
		{9E9F6F6D-337A-4DA5-817B-F4393ED3B799}.Debug|Any CPU.ActiveCfg = Debug|Any CPU
		{9E9F6F6D-337A-4DA5-817B-F4393ED3B799}.Debug|Any CPU.Build.0 = Debug|Any CPU
		{9E9F6F6D-337A-4DA5-817B-F4393ED3B799}.Release|Any CPU.ActiveCfg = Release|Any CPU
		{9E9F6F6D-337A-4DA5-817B-F4393ED3B799}.Release|Any CPU.Build.0 = Release|Any CPU
		{9E4AD76E-00F5-42E6-A0CA-B34ABCDF6C48}.Debug|Any CPU.ActiveCfg = Debug|Any CPU
		{9E4AD76E-00F5-42E6-A0CA-B34ABCDF6C48}.Debug|Any CPU.Build.0 = Debug|Any CPU
		{9E4AD76E-00F5-42E6-A0CA-B34ABCDF6C48}.Release|Any CPU.ActiveCfg = Release|Any CPU
		{9E4AD76E-00F5-42E6-A0CA-B34ABCDF6C48}.Release|Any CPU.Build.0 = Release|Any CPU
		{3A4494E8-C338-4E80-99D1-F8F1917FB429}.Debug|Any CPU.ActiveCfg = Debug|Any CPU
		{3A4494E8-C338-4E80-99D1-F8F1917FB429}.Debug|Any CPU.Build.0 = Debug|Any CPU
		{3A4494E8-C338-4E80-99D1-F8F1917FB429}.Release|Any CPU.ActiveCfg = Release|Any CPU
		{3A4494E8-C338-4E80-99D1-F8F1917FB429}.Release|Any CPU.Build.0 = Release|Any CPU
		{EDA9BD75-9EBF-49AB-9E1A-25E4617ADD76}.Debug|Any CPU.ActiveCfg = Debug|Any CPU
		{EDA9BD75-9EBF-49AB-9E1A-25E4617ADD76}.Debug|Any CPU.Build.0 = Debug|Any CPU
		{EDA9BD75-9EBF-49AB-9E1A-25E4617ADD76}.Release|Any CPU.ActiveCfg = Release|Any CPU
		{EDA9BD75-9EBF-49AB-9E1A-25E4617ADD76}.Release|Any CPU.Build.0 = Release|Any CPU
		{8F5CDA05-E5DD-4D9B-A9D2-5E7B58BC5387}.Debug|Any CPU.ActiveCfg = Debug|Any CPU
		{8F5CDA05-E5DD-4D9B-A9D2-5E7B58BC5387}.Debug|Any CPU.Build.0 = Debug|Any CPU
		{8F5CDA05-E5DD-4D9B-A9D2-5E7B58BC5387}.Release|Any CPU.ActiveCfg = Release|Any CPU
		{8F5CDA05-E5DD-4D9B-A9D2-5E7B58BC5387}.Release|Any CPU.Build.0 = Release|Any CPU
		{261FFC34-089A-4F48-84DA-0795E251EF0C}.Debug|Any CPU.ActiveCfg = Debug|Any CPU
		{261FFC34-089A-4F48-84DA-0795E251EF0C}.Debug|Any CPU.Build.0 = Debug|Any CPU
		{261FFC34-089A-4F48-84DA-0795E251EF0C}.Release|Any CPU.ActiveCfg = Release|Any CPU
		{261FFC34-089A-4F48-84DA-0795E251EF0C}.Release|Any CPU.Build.0 = Release|Any CPU
		{FA2C6052-958C-4030-9E26-F8A9955C3F8A}.Debug|Any CPU.ActiveCfg = Debug|Any CPU
		{FA2C6052-958C-4030-9E26-F8A9955C3F8A}.Debug|Any CPU.Build.0 = Debug|Any CPU
		{FA2C6052-958C-4030-9E26-F8A9955C3F8A}.Release|Any CPU.ActiveCfg = Release|Any CPU
		{FA2C6052-958C-4030-9E26-F8A9955C3F8A}.Release|Any CPU.Build.0 = Release|Any CPU
		{29093722-0BF5-42A3-A82B-2CEFECC74281}.Debug|Any CPU.ActiveCfg = Debug|Any CPU
		{29093722-0BF5-42A3-A82B-2CEFECC74281}.Debug|Any CPU.Build.0 = Debug|Any CPU
		{29093722-0BF5-42A3-A82B-2CEFECC74281}.Release|Any CPU.ActiveCfg = Release|Any CPU
		{29093722-0BF5-42A3-A82B-2CEFECC74281}.Release|Any CPU.Build.0 = Release|Any CPU
		{13FD3266-A32F-49B3-9B60-B09EAAF2B61F}.Debug|Any CPU.ActiveCfg = Debug|Any CPU
		{13FD3266-A32F-49B3-9B60-B09EAAF2B61F}.Debug|Any CPU.Build.0 = Debug|Any CPU
		{13FD3266-A32F-49B3-9B60-B09EAAF2B61F}.Release|Any CPU.ActiveCfg = Release|Any CPU
		{13FD3266-A32F-49B3-9B60-B09EAAF2B61F}.Release|Any CPU.Build.0 = Release|Any CPU
		{4BE3D45B-E2A7-4229-8327-91725E9FF237}.Debug|Any CPU.ActiveCfg = Debug|Any CPU
		{4BE3D45B-E2A7-4229-8327-91725E9FF237}.Debug|Any CPU.Build.0 = Debug|Any CPU
		{4BE3D45B-E2A7-4229-8327-91725E9FF237}.Release|Any CPU.ActiveCfg = Release|Any CPU
		{4BE3D45B-E2A7-4229-8327-91725E9FF237}.Release|Any CPU.Build.0 = Release|Any CPU
		{F6C3E5A3-815A-48DA-974A-852C011F5A97}.Debug|Any CPU.ActiveCfg = Debug|Any CPU
		{F6C3E5A3-815A-48DA-974A-852C011F5A97}.Debug|Any CPU.Build.0 = Debug|Any CPU
		{F6C3E5A3-815A-48DA-974A-852C011F5A97}.Release|Any CPU.ActiveCfg = Release|Any CPU
		{F6C3E5A3-815A-48DA-974A-852C011F5A97}.Release|Any CPU.Build.0 = Release|Any CPU
		{C3E9D250-83F8-4439-B16A-6CFD6C0DA9F4}.Debug|Any CPU.ActiveCfg = Debug|Any CPU
		{C3E9D250-83F8-4439-B16A-6CFD6C0DA9F4}.Debug|Any CPU.Build.0 = Debug|Any CPU
		{C3E9D250-83F8-4439-B16A-6CFD6C0DA9F4}.Release|Any CPU.ActiveCfg = Release|Any CPU
		{C3E9D250-83F8-4439-B16A-6CFD6C0DA9F4}.Release|Any CPU.Build.0 = Release|Any CPU
		{B053D33C-77E9-4C8D-ACFA-DF02478F3B6B}.Debug|Any CPU.ActiveCfg = Debug|Any CPU
		{B053D33C-77E9-4C8D-ACFA-DF02478F3B6B}.Debug|Any CPU.Build.0 = Debug|Any CPU
		{B053D33C-77E9-4C8D-ACFA-DF02478F3B6B}.Release|Any CPU.ActiveCfg = Release|Any CPU
		{B053D33C-77E9-4C8D-ACFA-DF02478F3B6B}.Release|Any CPU.Build.0 = Release|Any CPU
		{49595BCF-0F28-46B5-B2AE-696D5492DD50}.Debug|Any CPU.ActiveCfg = Debug|Any CPU
		{49595BCF-0F28-46B5-B2AE-696D5492DD50}.Debug|Any CPU.Build.0 = Debug|Any CPU
		{49595BCF-0F28-46B5-B2AE-696D5492DD50}.Release|Any CPU.ActiveCfg = Release|Any CPU
		{49595BCF-0F28-46B5-B2AE-696D5492DD50}.Release|Any CPU.Build.0 = Release|Any CPU
		{1898F20A-6F78-41B0-9630-F19E4A1C3F33}.Debug|Any CPU.ActiveCfg = Debug|Any CPU
		{1898F20A-6F78-41B0-9630-F19E4A1C3F33}.Debug|Any CPU.Build.0 = Debug|Any CPU
		{1898F20A-6F78-41B0-9630-F19E4A1C3F33}.Release|Any CPU.ActiveCfg = Release|Any CPU
		{1898F20A-6F78-41B0-9630-F19E4A1C3F33}.Release|Any CPU.Build.0 = Release|Any CPU
		{45B71619-FBF3-48BC-BFC2-9804825B9F91}.Debug|Any CPU.ActiveCfg = Debug|Any CPU
		{45B71619-FBF3-48BC-BFC2-9804825B9F91}.Debug|Any CPU.Build.0 = Debug|Any CPU
		{45B71619-FBF3-48BC-BFC2-9804825B9F91}.Release|Any CPU.ActiveCfg = Release|Any CPU
		{45B71619-FBF3-48BC-BFC2-9804825B9F91}.Release|Any CPU.Build.0 = Release|Any CPU
	EndGlobalSection
	GlobalSection(SolutionProperties) = preSolution
		HideSolutionNode = FALSE
	EndGlobalSection
	GlobalSection(NestedProjects) = preSolution
		{9AAC6C23-B7BC-4A1B-8A9C-9337D57CE191} = {4B283398-A463-4552-8C71-D1B5DADE5E76}
		{92696A77-5B5A-4DA8-B941-385C795D754E} = {4B283398-A463-4552-8C71-D1B5DADE5E76}
		{7E9EEE7B-678C-444C-B670-17FA4BB2149F} = {4B283398-A463-4552-8C71-D1B5DADE5E76}
		{BA5C4793-FADF-43DA-A404-8AC6F876077A} = {4B283398-A463-4552-8C71-D1B5DADE5E76}
		{5E2E682C-B9D4-478F-995E-56647ED7EFB8} = {4B283398-A463-4552-8C71-D1B5DADE5E76}
		{516576DC-0CC5-40BF-BA4A-9AA7EF06831F} = {4B283398-A463-4552-8C71-D1B5DADE5E76}
		{9E9F6F6D-337A-4DA5-817B-F4393ED3B799} = {4B283398-A463-4552-8C71-D1B5DADE5E76}
		{9E4AD76E-00F5-42E6-A0CA-B34ABCDF6C48} = {4B283398-A463-4552-8C71-D1B5DADE5E76}
		{3A4494E8-C338-4E80-99D1-F8F1917FB429} = {4B283398-A463-4552-8C71-D1B5DADE5E76}
		{EDA9BD75-9EBF-49AB-9E1A-25E4617ADD76} = {4B283398-A463-4552-8C71-D1B5DADE5E76}
		{8F5CDA05-E5DD-4D9B-A9D2-5E7B58BC5387} = {9BBCD6E8-28C1-4F6A-AE96-5CE2C33958F5}
		{261FFC34-089A-4F48-84DA-0795E251EF0C} = {9BBCD6E8-28C1-4F6A-AE96-5CE2C33958F5}
		{FA2C6052-958C-4030-9E26-F8A9955C3F8A} = {9BBCD6E8-28C1-4F6A-AE96-5CE2C33958F5}
		{29093722-0BF5-42A3-A82B-2CEFECC74281} = {9BBCD6E8-28C1-4F6A-AE96-5CE2C33958F5}
		{13FD3266-A32F-49B3-9B60-B09EAAF2B61F} = {A0979AB7-4506-43D9-B204-FFC2DB73FC99}
		{4BE3D45B-E2A7-4229-8327-91725E9FF237} = {A0979AB7-4506-43D9-B204-FFC2DB73FC99}
		{F6C3E5A3-815A-48DA-974A-852C011F5A97} = {A0979AB7-4506-43D9-B204-FFC2DB73FC99}
		{C3E9D250-83F8-4439-B16A-6CFD6C0DA9F4} = {A0979AB7-4506-43D9-B204-FFC2DB73FC99}
		{B053D33C-77E9-4C8D-ACFA-DF02478F3B6B} = {A0979AB7-4506-43D9-B204-FFC2DB73FC99}
		{49595BCF-0F28-46B5-B2AE-696D5492DD50} = {9BBCD6E8-28C1-4F6A-AE96-5CE2C33958F5}
		{1898F20A-6F78-41B0-9630-F19E4A1C3F33} = {4B283398-A463-4552-8C71-D1B5DADE5E76}
		{45B71619-FBF3-48BC-BFC2-9804825B9F91} = {4B283398-A463-4552-8C71-D1B5DADE5E76}
	EndGlobalSection
EndGlobal
